// !$*UTF8*$!
{
	archiveVersion = 1;
	classes = {
	};
	objectVersion = 50;
	objects = {

/* Begin PBXBuildFile section */
		3411C0A1233E5DD9004E546E /* AppDelegate.swift in Sources */ = {isa = PBXBuildFile; fileRef = 3411C0A0233E5DD9004E546E /* AppDelegate.swift */; };
		3411C0A3233E5DD9004E546E /* SceneDelegate.swift in Sources */ = {isa = PBXBuildFile; fileRef = 3411C0A2233E5DD9004E546E /* SceneDelegate.swift */; };
		3411C0A8233E5DD9004E546E /* Main.storyboard in Resources */ = {isa = PBXBuildFile; fileRef = 3411C0A6233E5DD9004E546E /* Main.storyboard */; };
		3411C0AB233E5DD9004E546E /* ShoppingList.xcdatamodeld in Sources */ = {isa = PBXBuildFile; fileRef = 3411C0A9233E5DD9004E546E /* ShoppingList.xcdatamodeld */; };
		3411C0AD233E5DDA004E546E /* Assets.xcassets in Resources */ = {isa = PBXBuildFile; fileRef = 3411C0AC233E5DDA004E546E /* Assets.xcassets */; };
		3411C0B0233E5DDA004E546E /* LaunchScreen.storyboard in Resources */ = {isa = PBXBuildFile; fileRef = 3411C0AE233E5DDA004E546E /* LaunchScreen.storyboard */; };
		3411C0B9233E5F06004E546E /* ShoppingTableViewCell.swift in Sources */ = {isa = PBXBuildFile; fileRef = 3411C0B8233E5F06004E546E /* ShoppingTableViewCell.swift */; };
		3411C0BB233E5F26004E546E /* ShoppingTableViewController.swift in Sources */ = {isa = PBXBuildFile; fileRef = 3411C0BA233E5F26004E546E /* ShoppingTableViewController.swift */; };
		3411C0C0233E5F6D004E546E /* ShoppingController.swift in Sources */ = {isa = PBXBuildFile; fileRef = 3411C0BF233E5F6D004E546E /* ShoppingController.swift */; };
		3411C0C3233E5F9D004E546E /* CoreDataStack.swift in Sources */ = {isa = PBXBuildFile; fileRef = 3411C0C2233E5F9D004E546E /* CoreDataStack.swift */; };
		3411C0C5233E5FC4004E546E /* Shopping+Convenience.swift in Sources */ = {isa = PBXBuildFile; fileRef = 3411C0C4233E5FC4004E546E /* Shopping+Convenience.swift */; };
/* End PBXBuildFile section */

/* Begin PBXFileReference section */
		3411C09D233E5DD9004E546E /* ShoppingList.app */ = {isa = PBXFileReference; explicitFileType = wrapper.application; includeInIndex = 0; path = ShoppingList.app; sourceTree = BUILT_PRODUCTS_DIR; };
		3411C0A0233E5DD9004E546E /* AppDelegate.swift */ = {isa = PBXFileReference; lastKnownFileType = sourcecode.swift; path = AppDelegate.swift; sourceTree = "<group>"; };
		3411C0A2233E5DD9004E546E /* SceneDelegate.swift */ = {isa = PBXFileReference; lastKnownFileType = sourcecode.swift; path = SceneDelegate.swift; sourceTree = "<group>"; };
		3411C0A7233E5DD9004E546E /* Base */ = {isa = PBXFileReference; lastKnownFileType = file.storyboard; name = Base; path = Base.lproj/Main.storyboard; sourceTree = "<group>"; };
		3411C0AA233E5DD9004E546E /* ShoppingList.xcdatamodel */ = {isa = PBXFileReference; lastKnownFileType = wrapper.xcdatamodel; path = ShoppingList.xcdatamodel; sourceTree = "<group>"; };
		3411C0AC233E5DDA004E546E /* Assets.xcassets */ = {isa = PBXFileReference; lastKnownFileType = folder.assetcatalog; path = Assets.xcassets; sourceTree = "<group>"; };
		3411C0AF233E5DDA004E546E /* Base */ = {isa = PBXFileReference; lastKnownFileType = file.storyboard; name = Base; path = Base.lproj/LaunchScreen.storyboard; sourceTree = "<group>"; };
		3411C0B1233E5DDA004E546E /* Info.plist */ = {isa = PBXFileReference; lastKnownFileType = text.plist.xml; path = Info.plist; sourceTree = "<group>"; };
		3411C0B8233E5F06004E546E /* ShoppingTableViewCell.swift */ = {isa = PBXFileReference; lastKnownFileType = sourcecode.swift; path = ShoppingTableViewCell.swift; sourceTree = "<group>"; };
		3411C0BA233E5F26004E546E /* ShoppingTableViewController.swift */ = {isa = PBXFileReference; lastKnownFileType = sourcecode.swift; path = ShoppingTableViewController.swift; sourceTree = "<group>"; };
		3411C0BF233E5F6D004E546E /* ShoppingController.swift */ = {isa = PBXFileReference; lastKnownFileType = sourcecode.swift; path = ShoppingController.swift; sourceTree = "<group>"; };
		3411C0C2233E5F9D004E546E /* CoreDataStack.swift */ = {isa = PBXFileReference; lastKnownFileType = sourcecode.swift; path = CoreDataStack.swift; sourceTree = "<group>"; };
		3411C0C4233E5FC4004E546E /* Shopping+Convenience.swift */ = {isa = PBXFileReference; lastKnownFileType = sourcecode.swift; path = "Shopping+Convenience.swift"; sourceTree = "<group>"; };
/* End PBXFileReference section */

/* Begin PBXFrameworksBuildPhase section */
		3411C09A233E5DD9004E546E /* Frameworks */ = {
			isa = PBXFrameworksBuildPhase;
			buildActionMask = 2147483647;
			files = (
			);
			runOnlyForDeploymentPostprocessing = 0;
		};
/* End PBXFrameworksBuildPhase section */

/* Begin PBXGroup section */
		3411C094233E5DD9004E546E = {
			isa = PBXGroup;
			children = (
				3411C09F233E5DD9004E546E /* ShoppingList */,
				3411C09E233E5DD9004E546E /* Products */,
			);
			sourceTree = "<group>";
		};
		3411C09E233E5DD9004E546E /* Products */ = {
			isa = PBXGroup;
			children = (
				3411C09D233E5DD9004E546E /* ShoppingList.app */,
			);
			name = Products;
			sourceTree = "<group>";
		};
		3411C09F233E5DD9004E546E /* ShoppingList */ = {
			isa = PBXGroup;
			children = (
				3411C0C7233E6001004E546E /* models */,
				3411C0BD233E5F3C004E546E /* controllers */,
				3411C0BC233E5F2F004E546E /* view */,
				3411C0B7233E5DEE004E546E /* resources */,
				3411C0C6233E5FD4004E546E /* storyboards */,
			);
			path = ShoppingList;
			sourceTree = "<group>";
		};
		3411C0B7233E5DEE004E546E /* resources */ = {
			isa = PBXGroup;
			children = (
				3411C0A0233E5DD9004E546E /* AppDelegate.swift */,
				3411C0A2233E5DD9004E546E /* SceneDelegate.swift */,
				3411C0AC233E5DDA004E546E /* Assets.xcassets */,
				3411C0AE233E5DDA004E546E /* LaunchScreen.storyboard */,
				3411C0B1233E5DDA004E546E /* Info.plist */,
			);
			path = resources;
			sourceTree = "<group>";
		};
		3411C0BC233E5F2F004E546E /* view */ = {
			isa = PBXGroup;
			children = (
				3411C0B8233E5F06004E546E /* ShoppingTableViewCell.swift */,
			);
			path = view;
			sourceTree = "<group>";
		};
		3411C0BD233E5F3C004E546E /* controllers */ = {
			isa = PBXGroup;
			children = (
				3411C0C1233E5F75004E546E /* model controllers */,
				3411C0BE233E5F46004E546E /* view controllers */,
			);
			path = controllers;
			sourceTree = "<group>";
		};
		3411C0BE233E5F46004E546E /* view controllers */ = {
			isa = PBXGroup;
			children = (
				3411C0BA233E5F26004E546E /* ShoppingTableViewController.swift */,
			);
			path = "view controllers";
			sourceTree = "<group>";
		};
		3411C0C1233E5F75004E546E /* model controllers */ = {
			isa = PBXGroup;
			children = (
				3411C0BF233E5F6D004E546E /* ShoppingController.swift */,
			);
			path = "model controllers";
			sourceTree = "<group>";
		};
		3411C0C6233E5FD4004E546E /* storyboards */ = {
			isa = PBXGroup;
			children = (
				3411C0A6233E5DD9004E546E /* Main.storyboard */,
			);
			path = storyboards;
			sourceTree = "<group>";
		};
		3411C0C7233E6001004E546E /* models */ = {
			isa = PBXGroup;
			children = (
				3411C0A9233E5DD9004E546E /* ShoppingList.xcdatamodeld */,
				3411C0C4233E5FC4004E546E /* Shopping+Convenience.swift */,
				3411C0C2233E5F9D004E546E /* CoreDataStack.swift */,
			);
			path = models;
			sourceTree = "<group>";
		};
/* End PBXGroup section */

/* Begin PBXNativeTarget section */
		3411C09C233E5DD9004E546E /* ShoppingList */ = {
			isa = PBXNativeTarget;
			buildConfigurationList = 3411C0B4233E5DDA004E546E /* Build configuration list for PBXNativeTarget "ShoppingList" */;
			buildPhases = (
				3411C099233E5DD9004E546E /* Sources */,
				3411C09A233E5DD9004E546E /* Frameworks */,
				3411C09B233E5DD9004E546E /* Resources */,
			);
			buildRules = (
			);
			dependencies = (
			);
			name = ShoppingList;
			productName = ShoppingList;
			productReference = 3411C09D233E5DD9004E546E /* ShoppingList.app */;
			productType = "com.apple.product-type.application";
		};
/* End PBXNativeTarget section */

/* Begin PBXProject section */
		3411C095233E5DD9004E546E /* Project object */ = {
			isa = PBXProject;
			attributes = {
				LastSwiftUpdateCheck = 1100;
				LastUpgradeCheck = 1100;
				ORGANIZATIONNAME = "Matthew O'Connor";
				TargetAttributes = {
					3411C09C233E5DD9004E546E = {
						CreatedOnToolsVersion = 11.0;
					};
				};
			};
			buildConfigurationList = 3411C098233E5DD9004E546E /* Build configuration list for PBXProject "ShoppingList" */;
			compatibilityVersion = "Xcode 9.3";
			developmentRegion = en;
			hasScannedForEncodings = 0;
			knownRegions = (
				en,
				Base,
			);
			mainGroup = 3411C094233E5DD9004E546E;
			productRefGroup = 3411C09E233E5DD9004E546E /* Products */;
			projectDirPath = "";
			projectRoot = "";
			targets = (
				3411C09C233E5DD9004E546E /* ShoppingList */,
			);
		};
/* End PBXProject section */

/* Begin PBXResourcesBuildPhase section */
		3411C09B233E5DD9004E546E /* Resources */ = {
			isa = PBXResourcesBuildPhase;
			buildActionMask = 2147483647;
			files = (
				3411C0B0233E5DDA004E546E /* LaunchScreen.storyboard in Resources */,
				3411C0AD233E5DDA004E546E /* Assets.xcassets in Resources */,
				3411C0A8233E5DD9004E546E /* Main.storyboard in Resources */,
			);
			runOnlyForDeploymentPostprocessing = 0;
		};
/* End PBXResourcesBuildPhase section */

/* Begin PBXSourcesBuildPhase section */
		3411C099233E5DD9004E546E /* Sources */ = {
			isa = PBXSourcesBuildPhase;
			buildActionMask = 2147483647;
			files = (
				3411C0C3233E5F9D004E546E /* CoreDataStack.swift in Sources */,
				3411C0AB233E5DD9004E546E /* ShoppingList.xcdatamodeld in Sources */,
				3411C0B9233E5F06004E546E /* ShoppingTableViewCell.swift in Sources */,
				3411C0A1233E5DD9004E546E /* AppDelegate.swift in Sources */,
				3411C0BB233E5F26004E546E /* ShoppingTableViewController.swift in Sources */,
				3411C0C5233E5FC4004E546E /* Shopping+Convenience.swift in Sources */,
				3411C0A3233E5DD9004E546E /* SceneDelegate.swift in Sources */,
				3411C0C0233E5F6D004E546E /* ShoppingController.swift in Sources */,
			);
			runOnlyForDeploymentPostprocessing = 0;
		};
/* End PBXSourcesBuildPhase section */

/* Begin PBXVariantGroup section */
		3411C0A6233E5DD9004E546E /* Main.storyboard */ = {
			isa = PBXVariantGroup;
			children = (
				3411C0A7233E5DD9004E546E /* Base */,
			);
			name = Main.storyboard;
			sourceTree = "<group>";
		};
		3411C0AE233E5DDA004E546E /* LaunchScreen.storyboard */ = {
			isa = PBXVariantGroup;
			children = (
				3411C0AF233E5DDA004E546E /* Base */,
			);
			name = LaunchScreen.storyboard;
			sourceTree = "<group>";
		};
/* End PBXVariantGroup section */

/* Begin XCBuildConfiguration section */
		3411C0B2233E5DDA004E546E /* Debug */ = {
			isa = XCBuildConfiguration;
			buildSettings = {
				ALWAYS_SEARCH_USER_PATHS = NO;
				CLANG_ANALYZER_NONNULL = YES;
				CLANG_ANALYZER_NUMBER_OBJECT_CONVERSION = YES_AGGRESSIVE;
				CLANG_CXX_LANGUAGE_STANDARD = "gnu++14";
				CLANG_CXX_LIBRARY = "libc++";
				CLANG_ENABLE_MODULES = YES;
				CLANG_ENABLE_OBJC_ARC = YES;
				CLANG_ENABLE_OBJC_WEAK = YES;
				CLANG_WARN_BLOCK_CAPTURE_AUTORELEASING = YES;
				CLANG_WARN_BOOL_CONVERSION = YES;
				CLANG_WARN_COMMA = YES;
				CLANG_WARN_CONSTANT_CONVERSION = YES;
				CLANG_WARN_DEPRECATED_OBJC_IMPLEMENTATIONS = YES;
				CLANG_WARN_DIRECT_OBJC_ISA_USAGE = YES_ERROR;
				CLANG_WARN_DOCUMENTATION_COMMENTS = YES;
				CLANG_WARN_EMPTY_BODY = YES;
				CLANG_WARN_ENUM_CONVERSION = YES;
				CLANG_WARN_INFINITE_RECURSION = YES;
				CLANG_WARN_INT_CONVERSION = YES;
				CLANG_WARN_NON_LITERAL_NULL_CONVERSION = YES;
				CLANG_WARN_OBJC_IMPLICIT_RETAIN_SELF = YES;
				CLANG_WARN_OBJC_LITERAL_CONVERSION = YES;
				CLANG_WARN_OBJC_ROOT_CLASS = YES_ERROR;
				CLANG_WARN_RANGE_LOOP_ANALYSIS = YES;
				CLANG_WARN_STRICT_PROTOTYPES = YES;
				CLANG_WARN_SUSPICIOUS_MOVE = YES;
				CLANG_WARN_UNGUARDED_AVAILABILITY = YES_AGGRESSIVE;
				CLANG_WARN_UNREACHABLE_CODE = YES;
				CLANG_WARN__DUPLICATE_METHOD_MATCH = YES;
				COPY_PHASE_STRIP = NO;
				DEBUG_INFORMATION_FORMAT = dwarf;
				ENABLE_STRICT_OBJC_MSGSEND = YES;
				ENABLE_TESTABILITY = YES;
				GCC_C_LANGUAGE_STANDARD = gnu11;
				GCC_DYNAMIC_NO_PIC = NO;
				GCC_NO_COMMON_BLOCKS = YES;
				GCC_OPTIMIZATION_LEVEL = 0;
				GCC_PREPROCESSOR_DEFINITIONS = (
					"DEBUG=1",
					"$(inherited)",
				);
				GCC_WARN_64_TO_32_BIT_CONVERSION = YES;
				GCC_WARN_ABOUT_RETURN_TYPE = YES_ERROR;
				GCC_WARN_UNDECLARED_SELECTOR = YES;
				GCC_WARN_UNINITIALIZED_AUTOS = YES_AGGRESSIVE;
				GCC_WARN_UNUSED_FUNCTION = YES;
				GCC_WARN_UNUSED_VARIABLE = YES;
				IPHONEOS_DEPLOYMENT_TARGET = 13.0;
				MTL_ENABLE_DEBUG_INFO = INCLUDE_SOURCE;
				MTL_FAST_MATH = YES;
				ONLY_ACTIVE_ARCH = YES;
				SDKROOT = iphoneos;
				SWIFT_ACTIVE_COMPILATION_CONDITIONS = DEBUG;
				SWIFT_OPTIMIZATION_LEVEL = "-Onone";
			};
			name = Debug;
		};
		3411C0B3233E5DDA004E546E /* Release */ = {
			isa = XCBuildConfiguration;
			buildSettings = {
				ALWAYS_SEARCH_USER_PATHS = NO;
				CLANG_ANALYZER_NONNULL = YES;
				CLANG_ANALYZER_NUMBER_OBJECT_CONVERSION = YES_AGGRESSIVE;
				CLANG_CXX_LANGUAGE_STANDARD = "gnu++14";
				CLANG_CXX_LIBRARY = "libc++";
				CLANG_ENABLE_MODULES = YES;
				CLANG_ENABLE_OBJC_ARC = YES;
				CLANG_ENABLE_OBJC_WEAK = YES;
				CLANG_WARN_BLOCK_CAPTURE_AUTORELEASING = YES;
				CLANG_WARN_BOOL_CONVERSION = YES;
				CLANG_WARN_COMMA = YES;
				CLANG_WARN_CONSTANT_CONVERSION = YES;
				CLANG_WARN_DEPRECATED_OBJC_IMPLEMENTATIONS = YES;
				CLANG_WARN_DIRECT_OBJC_ISA_USAGE = YES_ERROR;
				CLANG_WARN_DOCUMENTATION_COMMENTS = YES;
				CLANG_WARN_EMPTY_BODY = YES;
				CLANG_WARN_ENUM_CONVERSION = YES;
				CLANG_WARN_INFINITE_RECURSION = YES;
				CLANG_WARN_INT_CONVERSION = YES;
				CLANG_WARN_NON_LITERAL_NULL_CONVERSION = YES;
				CLANG_WARN_OBJC_IMPLICIT_RETAIN_SELF = YES;
				CLANG_WARN_OBJC_LITERAL_CONVERSION = YES;
				CLANG_WARN_OBJC_ROOT_CLASS = YES_ERROR;
				CLANG_WARN_RANGE_LOOP_ANALYSIS = YES;
				CLANG_WARN_STRICT_PROTOTYPES = YES;
				CLANG_WARN_SUSPICIOUS_MOVE = YES;
				CLANG_WARN_UNGUARDED_AVAILABILITY = YES_AGGRESSIVE;
				CLANG_WARN_UNREACHABLE_CODE = YES;
				CLANG_WARN__DUPLICATE_METHOD_MATCH = YES;
				COPY_PHASE_STRIP = NO;
				DEBUG_INFORMATION_FORMAT = "dwarf-with-dsym";
				ENABLE_NS_ASSERTIONS = NO;
				ENABLE_STRICT_OBJC_MSGSEND = YES;
				GCC_C_LANGUAGE_STANDARD = gnu11;
				GCC_NO_COMMON_BLOCKS = YES;
				GCC_WARN_64_TO_32_BIT_CONVERSION = YES;
				GCC_WARN_ABOUT_RETURN_TYPE = YES_ERROR;
				GCC_WARN_UNDECLARED_SELECTOR = YES;
				GCC_WARN_UNINITIALIZED_AUTOS = YES_AGGRESSIVE;
				GCC_WARN_UNUSED_FUNCTION = YES;
				GCC_WARN_UNUSED_VARIABLE = YES;
				IPHONEOS_DEPLOYMENT_TARGET = 13.0;
				MTL_ENABLE_DEBUG_INFO = NO;
				MTL_FAST_MATH = YES;
				SDKROOT = iphoneos;
				SWIFT_COMPILATION_MODE = wholemodule;
				SWIFT_OPTIMIZATION_LEVEL = "-O";
				VALIDATE_PRODUCT = YES;
			};
			name = Release;
		};
		3411C0B5233E5DDA004E546E /* Debug */ = {
			isa = XCBuildConfiguration;
			buildSettings = {
				ASSETCATALOG_COMPILER_APPICON_NAME = AppIcon;
				CODE_SIGN_STYLE = Automatic;
				DEVELOPMENT_TEAM = RRGZ3XLFVN;
				INFOPLIST_FILE = ShoppingList/resources/Info.plist;
				LD_RUNPATH_SEARCH_PATHS = (
					"$(inherited)",
					"@executable_path/Frameworks",
				);
				PRODUCT_BUNDLE_IDENTIFIER = deltas2k.ShoppingList;
				PRODUCT_NAME = "$(TARGET_NAME)";
				SWIFT_VERSION = 5.0;
				TARGETED_DEVICE_FAMILY = "1,2";
			};
			name = Debug;
		};
		3411C0B6233E5DDA004E546E /* Release */ = {
			isa = XCBuildConfiguration;
			buildSettings = {
				ASSETCATALOG_COMPILER_APPICON_NAME = AppIcon;
				CODE_SIGN_STYLE = Automatic;
				DEVELOPMENT_TEAM = RRGZ3XLFVN;
				INFOPLIST_FILE = ShoppingList/resources/Info.plist;
				LD_RUNPATH_SEARCH_PATHS = (
					"$(inherited)",
					"@executable_path/Frameworks",
				);
				PRODUCT_BUNDLE_IDENTIFIER = deltas2k.ShoppingList;
				PRODUCT_NAME = "$(TARGET_NAME)";
				SWIFT_VERSION = 5.0;
				TARGETED_DEVICE_FAMILY = "1,2";
			};
			name = Release;
		};
/* End XCBuildConfiguration section */

/* Begin XCConfigurationList section */
		3411C098233E5DD9004E546E /* Build configuration list for PBXProject "ShoppingList" */ = {
			isa = XCConfigurationList;
			buildConfigurations = (
				3411C0B2233E5DDA004E546E /* Debug */,
				3411C0B3233E5DDA004E546E /* Release */,
			);
			defaultConfigurationIsVisible = 0;
			defaultConfigurationName = Release;
		};
		3411C0B4233E5DDA004E546E /* Build configuration list for PBXNativeTarget "ShoppingList" */ = {
			isa = XCConfigurationList;
			buildConfigurations = (
				3411C0B5233E5DDA004E546E /* Debug */,
				3411C0B6233E5DDA004E546E /* Release */,
			);
			defaultConfigurationIsVisible = 0;
			defaultConfigurationName = Release;
		};
/* End XCConfigurationList section */

/* Begin XCVersionGroup section */
		3411C0A9233E5DD9004E546E /* ShoppingList.xcdatamodeld */ = {
			isa = XCVersionGroup;
			children = (
				3411C0AA233E5DD9004E546E /* ShoppingList.xcdatamodel */,
			);
			currentVersion = 3411C0AA233E5DD9004E546E /* ShoppingList.xcdatamodel */;
			path = ShoppingList.xcdatamodeld;
			sourceTree = "<group>";
			versionGroupType = wrapper.xcdatamodel;
		};
/* End XCVersionGroup section */
	};
	rootObject = 3411C095233E5DD9004E546E /* Project object */;
}
